
Microsoft Visual Studio Solution File, Format Version 12.00
# Visual Studio Version 16
VisualStudioVersion = 16.0.31129.286
MinimumVisualStudioVersion = 10.0.40219.1
Project("{FAE04EC0-301F-11D3-BF4B-00C04F79EFBC}") = "jj", "jj\jj.csproj", "{65EE2EC7-EEF4-401F-A0E4-068409D047E4}"
EndProject
Global
	GlobalSection(SolutionConfigurationPlatforms) = preSolution
		Debug|Any CPU = Debug|Any CPU
		Release|Any CPU = Release|Any CPU
	EndGlobalSection
	GlobalSection(ProjectConfigurationPlatforms) = postSolution
		{65EE2EC7-EEF4-401F-A0E4-068409D047E4}.Debug|Any CPU.ActiveCfg = Debug|Any CPU
		{65EE2EC7-EEF4-401F-A0E4-068409D047E4}.Debug|Any CPU.Build.0 = Debug|Any CPU
		{65EE2EC7-EEF4-401F-A0E4-068409D047E4}.Release|Any CPU.ActiveCfg = Release|Any CPU
		{65EE2EC7-EEF4-401F-A0E4-068409D047E4}.Release|Any CPU.Build.0 = Release|Any CPU
	EndGlobalSection
	GlobalSection(SolutionProperties) = preSolution
		HideSolutionNode = FALSE
	EndGlobalSection
	GlobalSection(ExtensibilityGlobals) = postSolution
		SolutionGuid = {D4ABBE9D-3585-4AF5-BB9A-550FEC1C8726}
	EndGlobalSection
EndGlobal
